
Microsoft Visual Studio Solution File, Format Version 12.00
# Visual Studio Version 17
VisualStudioVersion = 17.1.32319.34
MinimumVisualStudioVersion = 10.0.40219.1
Project("{9A19103F-16F7-4668-BE54-9A1E7A4F7556}") = "Caliban.Nano", "src\Caliban.Nano\Caliban.Nano.csproj", "{68E6C28E-970B-43FE-B234-B7C99590BEF9}"
EndProject
Project("{9A19103F-16F7-4668-BE54-9A1E7A4F7556}") = "Caliban.Nano.Hello", "samples\Caliban.Nano.Hello\Caliban.Nano.Hello.csproj", "{4493FE82-0551-49D1-ABC7-A872B1C0AD9D}"
EndProject
Project("{9A19103F-16F7-4668-BE54-9A1E7A4F7556}") = "Caliban.Nano.Tests", "tests\Caliban.Nano.Tests\Caliban.Nano.Tests.csproj", "{9C130090-A3A3-4078-87AE-78ED9AE13C7F}"
	ProjectSection(ProjectDependencies) = postProject
		{68E6C28E-970B-43FE-B234-B7C99590BEF9} = {68E6C28E-970B-43FE-B234-B7C99590BEF9}
	EndProjectSection
EndProject
Project("{9A19103F-16F7-4668-BE54-9A1E7A4F7556}") = "Caliban.Nano.Ninject", "samples\Caliban.Nano.Ninject\Caliban.Nano.Ninject.csproj", "{15C9A60B-3075-414E-8FC6-243F4D367B17}"
EndProject
Project("{2150E333-8FDC-42A3-9474-1A3956D46DE8}") = "Samples", "Samples", "{35B633BE-784C-42F9-BD4C-EB53A9C5C732}"
EndProject
Project("{9A19103F-16F7-4668-BE54-9A1E7A4F7556}") = "Caliban.Nano.NLog", "samples\Caliban.Nano.NLog\Caliban.Nano.NLog.csproj", "{3D75F045-5F8B-41AD-BA03-F756730AAC38}"
EndProject
Global
	GlobalSection(SolutionConfigurationPlatforms) = preSolution
		Debug|Any CPU = Debug|Any CPU
		Release|Any CPU = Release|Any CPU
	EndGlobalSection
	GlobalSection(ProjectConfigurationPlatforms) = postSolution
		{68E6C28E-970B-43FE-B234-B7C99590BEF9}.Debug|Any CPU.ActiveCfg = Debug|Any CPU
		{68E6C28E-970B-43FE-B234-B7C99590BEF9}.Debug|Any CPU.Build.0 = Debug|Any CPU
		{68E6C28E-970B-43FE-B234-B7C99590BEF9}.Release|Any CPU.ActiveCfg = Release|Any CPU
		{68E6C28E-970B-43FE-B234-B7C99590BEF9}.Release|Any CPU.Build.0 = Release|Any CPU
		{4493FE82-0551-49D1-ABC7-A872B1C0AD9D}.Debug|Any CPU.ActiveCfg = Debug|Any CPU
		{4493FE82-0551-49D1-ABC7-A872B1C0AD9D}.Debug|Any CPU.Build.0 = Debug|Any CPU
		{4493FE82-0551-49D1-ABC7-A872B1C0AD9D}.Release|Any CPU.ActiveCfg = Release|Any CPU
		{4493FE82-0551-49D1-ABC7-A872B1C0AD9D}.Release|Any CPU.Build.0 = Release|Any CPU
		{9C130090-A3A3-4078-87AE-78ED9AE13C7F}.Debug|Any CPU.ActiveCfg = Debug|Any CPU
		{9C130090-A3A3-4078-87AE-78ED9AE13C7F}.Debug|Any CPU.Build.0 = Debug|Any CPU
		{9C130090-A3A3-4078-87AE-78ED9AE13C7F}.Release|Any CPU.ActiveCfg = Release|Any CPU
		{9C130090-A3A3-4078-87AE-78ED9AE13C7F}.Release|Any CPU.Build.0 = Release|Any CPU
		{15C9A60B-3075-414E-8FC6-243F4D367B17}.Debug|Any CPU.ActiveCfg = Debug|Any CPU
		{15C9A60B-3075-414E-8FC6-243F4D367B17}.Debug|Any CPU.Build.0 = Debug|Any CPU
		{15C9A60B-3075-414E-8FC6-243F4D367B17}.Release|Any CPU.ActiveCfg = Release|Any CPU
		{15C9A60B-3075-414E-8FC6-243F4D367B17}.Release|Any CPU.Build.0 = Release|Any CPU
		{3D75F045-5F8B-41AD-BA03-F756730AAC38}.Debug|Any CPU.ActiveCfg = Debug|Any CPU
		{3D75F045-5F8B-41AD-BA03-F756730AAC38}.Debug|Any CPU.Build.0 = Debug|Any CPU
		{3D75F045-5F8B-41AD-BA03-F756730AAC38}.Release|Any CPU.ActiveCfg = Release|Any CPU
		{3D75F045-5F8B-41AD-BA03-F756730AAC38}.Release|Any CPU.Build.0 = Release|Any CPU
	EndGlobalSection
	GlobalSection(SolutionProperties) = preSolution
		HideSolutionNode = FALSE
	EndGlobalSection
	GlobalSection(NestedProjects) = preSolution
		{4493FE82-0551-49D1-ABC7-A872B1C0AD9D} = {35B633BE-784C-42F9-BD4C-EB53A9C5C732}
		{15C9A60B-3075-414E-8FC6-243F4D367B17} = {35B633BE-784C-42F9-BD4C-EB53A9C5C732}
		{3D75F045-5F8B-41AD-BA03-F756730AAC38} = {35B633BE-784C-42F9-BD4C-EB53A9C5C732}
	EndGlobalSection
	GlobalSection(ExtensibilityGlobals) = postSolution
		SolutionGuid = {BD60DF71-5807-473A-A32A-ACA118CF80F6}
	EndGlobalSection
EndGlobal
